{
  "nodes": {
    "edmarketconnector": {
      "flake": false,
      "locked": {
        "lastModified": 1669983152,
        "narHash": "sha256-7PQTV7vZrxfwYhzKerhiEDylPKBSYOtZPovV7QKTztQ=",
        "owner": "EDCD",
        "repo": "edmarketconnector",
        "rev": "dd4a178a6729049c05d0c0a632f798722e536494",
        "type": "github"
      },
      "original": {
        "owner": "EDCD",
        "repo": "edmarketconnector",
        "type": "github"
      }
    },
    "nixpkgs": {
      "locked": {
        "lastModified": 1670267727,
        "narHash": "sha256-hUFAn5gjNHIBpLQT0CmqpuQjQwgWUm+D6aziGAYsDmw=",
        "owner": "NixOs",
        "repo": "nixpkgs",
        "rev": "a5f661b80e4c163510a5013b585a040a5c7ef55e",
        "type": "github"
      },
      "original": {
        "owner": "NixOS",
        "ref": "nixpkgs-unstable",
        "repo": "nixpkgs",
        "type": "github"
      }
    },
    "root": {
      "inputs": {
        "edmarketconnector": "edmarketconnector",
        "nixpkgs": "nixpkgs"
      }
    }
  },
  "root": "root",
  "version": 7
}
