{
  "nodes": {
    "edmarketconnector": {
      "flake": false,
      "locked": {
        "lastModified": 1664186351,
        "narHash": "sha256-QoW1xHjyT5gAyE2FYBWOqWcit4yPuEzeHNvrdA6Bkh8=",
        "owner": "EDCD",
        "repo": "edmarketconnector",
        "rev": "fde1c85ea66fd4d3b39ca84653221177dad54d81",
        "type": "github"
      },
      "original": {
        "owner": "EDCD",
        "repo": "edmarketconnector",
        "type": "github"
      }
    },
    "nixpkgs": {
      "locked": {
        "lastModified": 1664847737,
        "narHash": "sha256-Wxl0CtRH3Vo8+qEZ/PbCcx+9D8wEEi56tJPmROum2ss=",
        "owner": "NixOs",
        "repo": "nixpkgs",
        "rev": "de80d1d04ee691279e1302a1128c082bbda3ab01",
        "type": "github"
      },
      "original": {
        "owner": "NixOS",
        "ref": "nixpkgs-unstable",
        "repo": "nixpkgs",
        "type": "github"
      }
    },
    "root": {
      "inputs": {
        "edmarketconnector": "edmarketconnector",
        "nixpkgs": "nixpkgs"
      }
    }
  },
  "root": "root",
  "version": 7
}
