{
  "nodes": {
    "edmarketconnector": {
      "flake": false,
      "locked": {
        "lastModified": 1780091329,
        "narHash": "sha256-2MUEKd30u6jOpT4c4HVHYzSwc9j4UFcPiyCojjMv3hU=",
        "ref": "refs/heads/main",
        "rev": "05202546a56e36a25e61c93a2cb42067de9976b9",
        "revCount": 6626,
        "submodules": true,
        "type": "git",
        "url": "https://github.com/EDCD/EDMarketConnector.git"
      },
      "original": {
        "submodules": true,
        "type": "git",
        "url": "https://github.com/EDCD/EDMarketConnector.git"
      }
    },
    "nixpkgs": {
      "locked": {
        "lastModified": 1781268102,
        "narHash": "sha256-Zn5KTggEmUB3lXn/ccERNcBdddE6IaOFber9dWViWDg=",
        "owner": "NixOs",
        "repo": "nixpkgs",
        "rev": "49a4bd0573c376468dd7996ddb6f9fa31d8c4d97",
        "type": "github"
      },
      "original": {
        "owner": "NixOS",
        "ref": "nixpkgs-unstable",
        "repo": "nixpkgs",
        "type": "github"
      }
    },
    "root": {
      "inputs": {
        "edmarketconnector": "edmarketconnector",
        "nixpkgs": "nixpkgs"
      }
    }
  },
  "root": "root",
  "version": 7
}
